{
  "nodes": {
    "flake-parts": {
      "inputs": {
        "nixpkgs-lib": [
          "nixpkgs"
        ]
      },
      "locked": {
        "lastModified": 1733312601,
        "narHash": "sha256-4pDvzqnegAfRkPwO3wmwBhVi/Sye1mzps0zHWYnP88c=",
        "owner": "hercules-ci",
        "repo": "flake-parts",
        "rev": "205b12d8b7cd4802fbcb8e8ef6a0f1408781a4f9",
        "type": "github"
      },
      "original": {
        "owner": "hercules-ci",
        "repo": "flake-parts",
        "type": "github"
      }
    },
    "flake-utils": {
      "inputs": {
        "systems": [
          "systems"
        ]
      },
      "locked": {
        "lastModified": 1731533236,
        "narHash": "sha256-l0KFg5HjrsfsO/JpG+r7fRrqm12kzFHyUHqHCVpMMbI=",
        "owner": "numtide",
        "repo": "flake-utils",
        "rev": "11707dc2f618dd54ca8739b309ec4fc024de578b",
        "type": "github"
      },
      "original": {
        "owner": "numtide",
        "repo": "flake-utils",
        "type": "github"
      }
    },
    "minecraft-json": {
      "inputs": {
        "flake-utils": [
          "flake-utils"
        ],
        "nixpkgs": [
          "nixpkgs"
        ]
      },
      "locked": {
        "lastModified": 1733276823,
        "narHash": "sha256-gtM9sNZz5ub+ElhtPFx6GcBdbj0vxF6cmDbbjSUH7K4=",
        "owner": "ninlives",
        "repo": "minecraft.json",
        "rev": "53e5793c14e5d92161c2c0a3b269558e01ccd2ae",
        "type": "github"
      },
      "original": {
        "owner": "ninlives",
        "repo": "minecraft.json",
        "type": "github"
      }
    },
    "minecraft-nix": {
      "inputs": {
        "flake-utils": [
          "flake-utils"
        ],
        "metadata": [
          "minecraft-json"
        ],
        "nixpkgs": [
          "nixpkgs"
        ]
      },
      "locked": {
        "lastModified": 1734313628,
        "narHash": "sha256-/bRuEcc1+8/O27VdCyfnpQZzdKFSzUYtkjlFSBvMEgI=",
        "owner": "ninlives",
        "repo": "minecraft.nix",
        "rev": "e844c96e0770cc10e7c65f8016b388f1c0d4999c",
        "type": "github"
      },
      "original": {
        "owner": "ninlives",
        "repo": "minecraft.nix",
        "type": "github"
      }
    },
    "nixpkgs": {
      "locked": {
        "lastModified": 1734119587,
        "narHash": "sha256-AKU6qqskl0yf2+JdRdD0cfxX4b9x3KKV5RqA6wijmPM=",
        "owner": "nixos",
        "repo": "nixpkgs",
        "rev": "3566ab7246670a43abd2ffa913cc62dad9cdf7d5",
        "type": "github"
      },
      "original": {
        "owner": "nixos",
        "ref": "nixos-unstable",
        "repo": "nixpkgs",
        "type": "github"
      }
    },
    "root": {
      "inputs": {
        "flake-parts": "flake-parts",
        "flake-utils": "flake-utils",
        "minecraft-json": "minecraft-json",
        "minecraft-nix": "minecraft-nix",
        "nixpkgs": "nixpkgs",
        "systems": "systems",
        "treefmt-nix": "treefmt-nix"
      }
    },
    "systems": {
      "locked": {
        "lastModified": 1681028828,
        "narHash": "sha256-Vy1rq5AaRuLzOxct8nz4T6wlgyUR7zLU309k9mBC768=",
        "owner": "nix-systems",
        "repo": "default",
        "rev": "da67096a3b9bf56a91d16901293e51ba5b49a27e",
        "type": "github"
      },
      "original": {
        "owner": "nix-systems",
        "repo": "default",
        "type": "github"
      }
    },
    "treefmt-nix": {
      "inputs": {
        "nixpkgs": [
          "nixpkgs"
        ]
      },
      "locked": {
        "lastModified": 1733761991,
        "narHash": "sha256-s4DalCDepD22jtKL5Nw6f4LP5UwoMcPzPZgHWjAfqbQ=",
        "owner": "numtide",
        "repo": "treefmt-nix",
        "rev": "0ce9d149d99bc383d1f2d85f31f6ebd146e46085",
        "type": "github"
      },
      "original": {
        "owner": "numtide",
        "repo": "treefmt-nix",
        "type": "github"
      }
    }
  },
  "root": "root",
  "version": 7
}
